
Microsoft Visual Studio Solution File, Format Version 12.00
# Visual Studio Version 17
VisualStudioVersion = 17.13.35913.81
MinimumVisualStudioVersion = 10.0.40219.1
Project("{FAE04EC0-301F-11D3-BF4B-00C04F79EFBC}") = "DrivingLicense", "DrivingLicense.csproj", "{680092CC-213C-425E-BE4E-2E6EF7AD2B4D}"
EndProject
Project("{FAE04EC0-301F-11D3-BF4B-00C04F79EFBC}") = "DrivingLicenseBusinessLayer", "..\DrivingLicenseBusinessLayer\DrivingLicenseBusinessLayer.csproj", "{070AA3CB-5FFA-4B15-B71C-8B96078DBA93}"
EndProject
Project("{FAE04EC0-301F-11D3-BF4B-00C04F79EFBC}") = "DrivingLicenseDataLayer", "..\DrivingLicenseDataLayer\DrivingLicenseDataLayer.csproj", "{46DC2283-DADF-4501-938E-6587CB21F280}"
EndProject
Global
	GlobalSection(SolutionConfigurationPlatforms) = preSolution
		Debug|Any CPU = Debug|Any CPU
		Release|Any CPU = Release|Any CPU
	EndGlobalSection
	GlobalSection(ProjectConfigurationPlatforms) = postSolution
		{680092CC-213C-425E-BE4E-2E6EF7AD2B4D}.Debug|Any CPU.ActiveCfg = Debug|Any CPU
		{680092CC-213C-425E-BE4E-2E6EF7AD2B4D}.Debug|Any CPU.Build.0 = Debug|Any CPU
		{680092CC-213C-425E-BE4E-2E6EF7AD2B4D}.Release|Any CPU.ActiveCfg = Release|Any CPU
		{680092CC-213C-425E-BE4E-2E6EF7AD2B4D}.Release|Any CPU.Build.0 = Release|Any CPU
		{070AA3CB-5FFA-4B15-B71C-8B96078DBA93}.Debug|Any CPU.ActiveCfg = Debug|Any CPU
		{070AA3CB-5FFA-4B15-B71C-8B96078DBA93}.Debug|Any CPU.Build.0 = Debug|Any CPU
		{070AA3CB-5FFA-4B15-B71C-8B96078DBA93}.Release|Any CPU.ActiveCfg = Release|Any CPU
		{070AA3CB-5FFA-4B15-B71C-8B96078DBA93}.Release|Any CPU.Build.0 = Release|Any CPU
		{46DC2283-DADF-4501-938E-6587CB21F280}.Debug|Any CPU.ActiveCfg = Debug|Any CPU
		{46DC2283-DADF-4501-938E-6587CB21F280}.Debug|Any CPU.Build.0 = Debug|Any CPU
		{46DC2283-DADF-4501-938E-6587CB21F280}.Release|Any CPU.ActiveCfg = Release|Any CPU
		{46DC2283-DADF-4501-938E-6587CB21F280}.Release|Any CPU.Build.0 = Release|Any CPU
	EndGlobalSection
	GlobalSection(SolutionProperties) = preSolution
		HideSolutionNode = FALSE
	EndGlobalSection
	GlobalSection(ExtensibilityGlobals) = postSolution
		SolutionGuid = {8C2A57C5-9701-462C-8E0C-88F121D7345B}
	EndGlobalSection
EndGlobal
